<Solution>
    <Folder Name="/src/">
        <Project Path="src/CleanArchBlazorWasm.AppHost/CleanArchBlazorWasm.AppHost.csproj" />
        <Project Path="src/CleanArchBlazorWasm.Web/CleanArchBlazorWasm.Web.csproj" />
    </Folder>
    <Folder Name="/tests/">
        <Project Path="tests/CleanArchBlazorWasm.Application.Tests/CleanArchBlazorWasm.Application.Tests.csproj" />
        <Project Path="tests/CleanArchBlazorWasm.Architecture.Tests/CleanArchBlazorWasm.Architecture.Tests.csproj" />
        <Project Path="tests/CleanArchBlazorWasm.Functional.Tests/CleanArchBlazorWasm.Functional.Tests.csproj" />
        <Project Path="tests/CleanArchBlazorWasm.Integration.Tests/CleanArchBlazorWasm.Integration.Tests.csproj" />
    </Folder>
</Solution>
